// !$*UTF8*$!
{
	archiveVersion = 1;
	classes = {
	};
	objectVersion = 50;
	objects = {

/* Begin PBXBuildFile section */
		CE490BDA2423CEB500EA3F30 /* AppDelegate.swift in Sources */ = {isa = PBXBuildFile; fileRef = CE490BD92423CEB500EA3F30 /* AppDelegate.swift */; };
		CE490BDC2423CEB500EA3F30 /* SceneDelegate.swift in Sources */ = {isa = PBXBuildFile; fileRef = CE490BDB2423CEB500EA3F30 /* SceneDelegate.swift */; };
		CE490BDE2423CEB500EA3F30 /* ViewController.swift in Sources */ = {isa = PBXBuildFile; fileRef = CE490BDD2423CEB500EA3F30 /* ViewController.swift */; };
		CE490BE42423CEB500EA3F30 /* mvc.xcdatamodeld in Sources */ = {isa = PBXBuildFile; fileRef = CE490BE22423CEB500EA3F30 /* mvc.xcdatamodeld */; };
		CE490BE62423CEB800EA3F30 /* Assets.xcassets in Resources */ = {isa = PBXBuildFile; fileRef = CE490BE52423CEB800EA3F30 /* Assets.xcassets */; };
		CE490BE92423CEB800EA3F30 /* LaunchScreen.storyboard in Resources */ = {isa = PBXBuildFile; fileRef = CE490BE72423CEB800EA3F30 /* LaunchScreen.storyboard */; };
		CE490BFD2423E34900EA3F30 /* AccessViewController.swift in Sources */ = {isa = PBXBuildFile; fileRef = CE490BFC2423E34900EA3F30 /* AccessViewController.swift */; };
		CE490C012424C3F100EA3F30 /* MailViewController.swift in Sources */ = {isa = PBXBuildFile; fileRef = CE490C002424C3F100EA3F30 /* MailViewController.swift */; };
		CE490C032424CCD900EA3F30 /* CollectionViewController.swift in Sources */ = {isa = PBXBuildFile; fileRef = CE490C022424CCD900EA3F30 /* CollectionViewController.swift */; };
/* End PBXBuildFile section */

/* Begin PBXFileReference section */
		CE490BD62423CEB500EA3F30 /* mvc.app */ = {isa = PBXFileReference; explicitFileType = wrapper.application; includeInIndex = 0; path = mvc.app; sourceTree = BUILT_PRODUCTS_DIR; };
		CE490BD92423CEB500EA3F30 /* AppDelegate.swift */ = {isa = PBXFileReference; lastKnownFileType = sourcecode.swift; path = AppDelegate.swift; sourceTree = "<group>"; };
		CE490BDB2423CEB500EA3F30 /* SceneDelegate.swift */ = {isa = PBXFileReference; lastKnownFileType = sourcecode.swift; path = SceneDelegate.swift; sourceTree = "<group>"; };
		CE490BDD2423CEB500EA3F30 /* ViewController.swift */ = {isa = PBXFileReference; lastKnownFileType = sourcecode.swift; path = ViewController.swift; sourceTree = "<group>"; };
		CE490BE32423CEB500EA3F30 /* mvc.xcdatamodel */ = {isa = PBXFileReference; lastKnownFileType = wrapper.xcdatamodel; path = mvc.xcdatamodel; sourceTree = "<group>"; };
		CE490BE52423CEB800EA3F30 /* Assets.xcassets */ = {isa = PBXFileReference; lastKnownFileType = folder.assetcatalog; path = Assets.xcassets; sourceTree = "<group>"; };
		CE490BE82423CEB800EA3F30 /* Base */ = {isa = PBXFileReference; lastKnownFileType = file.storyboard; name = Base; path = Base.lproj/LaunchScreen.storyboard; sourceTree = "<group>"; };
		CE490BEA2423CEB800EA3F30 /* Info.plist */ = {isa = PBXFileReference; lastKnownFileType = text.plist.xml; path = Info.plist; sourceTree = "<group>"; };
		CE490BFC2423E34900EA3F30 /* AccessViewController.swift */ = {isa = PBXFileReference; lastKnownFileType = sourcecode.swift; path = AccessViewController.swift; sourceTree = "<group>"; };
		CE490C002424C3F100EA3F30 /* MailViewController.swift */ = {isa = PBXFileReference; lastKnownFileType = sourcecode.swift; path = MailViewController.swift; sourceTree = "<group>"; };
		CE490C022424CCD900EA3F30 /* CollectionViewController.swift */ = {isa = PBXFileReference; lastKnownFileType = sourcecode.swift; path = CollectionViewController.swift; sourceTree = "<group>"; };
/* End PBXFileReference section */

/* Begin PBXFrameworksBuildPhase section */
		CE490BD32423CEB500EA3F30 /* Frameworks */ = {
			isa = PBXFrameworksBuildPhase;
			buildActionMask = 2147483647;
			files = (
			);
			runOnlyForDeploymentPostprocessing = 0;
		};
/* End PBXFrameworksBuildPhase section */

/* Begin PBXGroup section */
		CE490BCD2423CEB500EA3F30 = {
			isa = PBXGroup;
			children = (
				CE490BD82423CEB500EA3F30 /* mvc */,
				CE490BD72423CEB500EA3F30 /* Products */,
			);
			sourceTree = "<group>";
		};
		CE490BD72423CEB500EA3F30 /* Products */ = {
			isa = PBXGroup;
			children = (
				CE490BD62423CEB500EA3F30 /* mvc.app */,
			);
			name = Products;
			sourceTree = "<group>";
		};
		CE490BD82423CEB500EA3F30 /* mvc */ = {
			isa = PBXGroup;
			children = (
				CE490BD92423CEB500EA3F30 /* AppDelegate.swift */,
				CE490BDB2423CEB500EA3F30 /* SceneDelegate.swift */,
				CE490BDD2423CEB500EA3F30 /* ViewController.swift */,
				CE490C002424C3F100EA3F30 /* MailViewController.swift */,
				CE490BFC2423E34900EA3F30 /* AccessViewController.swift */,
				CE490C022424CCD900EA3F30 /* CollectionViewController.swift */,
				CE490BE52423CEB800EA3F30 /* Assets.xcassets */,
				CE490BE72423CEB800EA3F30 /* LaunchScreen.storyboard */,
				CE490BEA2423CEB800EA3F30 /* Info.plist */,
				CE490BE22423CEB500EA3F30 /* mvc.xcdatamodeld */,
			);
			path = mvc;
			sourceTree = "<group>";
		};
/* End PBXGroup section */

/* Begin PBXNativeTarget section */
		CE490BD52423CEB500EA3F30 /* mvc */ = {
			isa = PBXNativeTarget;
			buildConfigurationList = CE490BED2423CEB800EA3F30 /* Build configuration list for PBXNativeTarget "mvc" */;
			buildPhases = (
				CE490BD22423CEB500EA3F30 /* Sources */,
				CE490BD32423CEB500EA3F30 /* Frameworks */,
				CE490BD42423CEB500EA3F30 /* Resources */,
			);
			buildRules = (
			);
			dependencies = (
			);
			name = mvc;
			productName = mvc;
			productReference = CE490BD62423CEB500EA3F30 /* mvc.app */;
			productType = "com.apple.product-type.application";
		};
/* End PBXNativeTarget section */

/* Begin PBXProject section */
		CE490BCE2423CEB500EA3F30 /* Project object */ = {
			isa = PBXProject;
			attributes = {
				LastSwiftUpdateCheck = 1120;
				LastUpgradeCheck = 1120;
				ORGANIZATIONNAME = Melkozavr;
				TargetAttributes = {
					CE490BD52423CEB500EA3F30 = {
						CreatedOnToolsVersion = 11.2.1;
					};
				};
			};
			buildConfigurationList = CE490BD12423CEB500EA3F30 /* Build configuration list for PBXProject "mvc" */;
			compatibilityVersion = "Xcode 9.3";
			developmentRegion = en;
			hasScannedForEncodings = 0;
			knownRegions = (
				en,
				Base,
			);
			mainGroup = CE490BCD2423CEB500EA3F30;
			productRefGroup = CE490BD72423CEB500EA3F30 /* Products */;
			projectDirPath = "";
			projectRoot = "";
			targets = (
				CE490BD52423CEB500EA3F30 /* mvc */,
			);
		};
/* End PBXProject section */

/* Begin PBXResourcesBuildPhase section */
		CE490BD42423CEB500EA3F30 /* Resources */ = {
			isa = PBXResourcesBuildPhase;
			buildActionMask = 2147483647;
			files = (
				CE490BE92423CEB800EA3F30 /* LaunchScreen.storyboard in Resources */,
				CE490BE62423CEB800EA3F30 /* Assets.xcassets in Resources */,
			);
			runOnlyForDeploymentPostprocessing = 0;
		};
/* End PBXResourcesBuildPhase section */

/* Begin PBXSourcesBuildPhase section */
		CE490BD22423CEB500EA3F30 /* Sources */ = {
			isa = PBXSourcesBuildPhase;
			buildActionMask = 2147483647;
			files = (
				CE490BDE2423CEB500EA3F30 /* ViewController.swift in Sources */,
				CE490C012424C3F100EA3F30 /* MailViewController.swift in Sources */,
				CE490BFD2423E34900EA3F30 /* AccessViewController.swift in Sources */,
				CE490BDA2423CEB500EA3F30 /* AppDelegate.swift in Sources */,
				CE490C032424CCD900EA3F30 /* CollectionViewController.swift in Sources */,
				CE490BE42423CEB500EA3F30 /* mvc.xcdatamodeld in Sources */,
				CE490BDC2423CEB500EA3F30 /* SceneDelegate.swift in Sources */,
			);
			runOnlyForDeploymentPostprocessing = 0;
		};
/* End PBXSourcesBuildPhase section */

/* Begin PBXVariantGroup section */
		CE490BE72423CEB800EA3F30 /* LaunchScreen.storyboard */ = {
			isa = PBXVariantGroup;
			children = (
				CE490BE82423CEB800EA3F30 /* Base */,
			);
			name = LaunchScreen.storyboard;
			sourceTree = "<group>";
		};
/* End PBXVariantGroup section */

/* Begin XCBuildConfiguration section */
		CE490BEB2423CEB800EA3F30 /* Debug */ = {
			isa = XCBuildConfiguration;
			buildSettings = {
				ALWAYS_SEARCH_USER_PATHS = NO;
				CLANG_ANALYZER_NONNULL = YES;
				CLANG_ANALYZER_NUMBER_OBJECT_CONVERSION = YES_AGGRESSIVE;
				CLANG_CXX_LANGUAGE_STANDARD = "gnu++14";
				CLANG_CXX_LIBRARY = "libc++";
				CLANG_ENABLE_MODULES = YES;
				CLANG_ENABLE_OBJC_ARC = YES;
				CLANG_ENABLE_OBJC_WEAK = YES;
				CLANG_WARN_BLOCK_CAPTURE_AUTORELEASING = YES;
				CLANG_WARN_BOOL_CONVERSION = YES;
				CLANG_WARN_COMMA = YES;
				CLANG_WARN_CONSTANT_CONVERSION = YES;
				CLANG_WARN_DEPRECATED_OBJC_IMPLEMENTATIONS = YES;
				CLANG_WARN_DIRECT_OBJC_ISA_USAGE = YES_ERROR;
				CLANG_WARN_DOCUMENTATION_COMMENTS = YES;
				CLANG_WARN_EMPTY_BODY = YES;
				CLANG_WARN_ENUM_CONVERSION = YES;
				CLANG_WARN_INFINITE_RECURSION = YES;
				CLANG_WARN_INT_CONVERSION = YES;
				CLANG_WARN_NON_LITERAL_NULL_CONVERSION = YES;
				CLANG_WARN_OBJC_IMPLICIT_RETAIN_SELF = YES;
				CLANG_WARN_OBJC_LITERAL_CONVERSION = YES;
				CLANG_WARN_OBJC_ROOT_CLASS = YES_ERROR;
				CLANG_WARN_RANGE_LOOP_ANALYSIS = YES;
				CLANG_WARN_STRICT_PROTOTYPES = YES;
				CLANG_WARN_SUSPICIOUS_MOVE = YES;
				CLANG_WARN_UNGUARDED_AVAILABILITY = YES_AGGRESSIVE;
				CLANG_WARN_UNREACHABLE_CODE = YES;
				CLANG_WARN__DUPLICATE_METHOD_MATCH = YES;
				COPY_PHASE_STRIP = NO;
				DEBUG_INFORMATION_FORMAT = dwarf;
				ENABLE_STRICT_OBJC_MSGSEND = YES;
				ENABLE_TESTABILITY = YES;
				GCC_C_LANGUAGE_STANDARD = gnu11;
				GCC_DYNAMIC_NO_PIC = NO;
				GCC_NO_COMMON_BLOCKS = YES;
				GCC_OPTIMIZATION_LEVEL = 0;
				GCC_PREPROCESSOR_DEFINITIONS = (
					"DEBUG=1",
					"$(inherited)",
				);
				GCC_WARN_64_TO_32_BIT_CONVERSION = YES;
				GCC_WARN_ABOUT_RETURN_TYPE = YES_ERROR;
				GCC_WARN_UNDECLARED_SELECTOR = YES;
				GCC_WARN_UNINITIALIZED_AUTOS = YES_AGGRESSIVE;
				GCC_WARN_UNUSED_FUNCTION = YES;
				GCC_WARN_UNUSED_VARIABLE = YES;
				IPHONEOS_DEPLOYMENT_TARGET = 13.2;
				MTL_ENABLE_DEBUG_INFO = INCLUDE_SOURCE;
				MTL_FAST_MATH = YES;
				ONLY_ACTIVE_ARCH = YES;
				SDKROOT = iphoneos;
				SWIFT_ACTIVE_COMPILATION_CONDITIONS = DEBUG;
				SWIFT_OPTIMIZATION_LEVEL = "-Onone";
			};
			name = Debug;
		};
		CE490BEC2423CEB800EA3F30 /* Release */ = {
			isa = XCBuildConfiguration;
			buildSettings = {
				ALWAYS_SEARCH_USER_PATHS = NO;
				CLANG_ANALYZER_NONNULL = YES;
				CLANG_ANALYZER_NUMBER_OBJECT_CONVERSION = YES_AGGRESSIVE;
				CLANG_CXX_LANGUAGE_STANDARD = "gnu++14";
				CLANG_CXX_LIBRARY = "libc++";
				CLANG_ENABLE_MODULES = YES;
				CLANG_ENABLE_OBJC_ARC = YES;
				CLANG_ENABLE_OBJC_WEAK = YES;
				CLANG_WARN_BLOCK_CAPTURE_AUTORELEASING = YES;
				CLANG_WARN_BOOL_CONVERSION = YES;
				CLANG_WARN_COMMA = YES;
				CLANG_WARN_CONSTANT_CONVERSION = YES;
				CLANG_WARN_DEPRECATED_OBJC_IMPLEMENTATIONS = YES;
				CLANG_WARN_DIRECT_OBJC_ISA_USAGE = YES_ERROR;
				CLANG_WARN_DOCUMENTATION_COMMENTS = YES;
				CLANG_WARN_EMPTY_BODY = YES;
				CLANG_WARN_ENUM_CONVERSION = YES;
				CLANG_WARN_INFINITE_RECURSION = YES;
				CLANG_WARN_INT_CONVERSION = YES;
				CLANG_WARN_NON_LITERAL_NULL_CONVERSION = YES;
				CLANG_WARN_OBJC_IMPLICIT_RETAIN_SELF = YES;
				CLANG_WARN_OBJC_LITERAL_CONVERSION = YES;
				CLANG_WARN_OBJC_ROOT_CLASS = YES_ERROR;
				CLANG_WARN_RANGE_LOOP_ANALYSIS = YES;
				CLANG_WARN_STRICT_PROTOTYPES = YES;
				CLANG_WARN_SUSPICIOUS_MOVE = YES;
				CLANG_WARN_UNGUARDED_AVAILABILITY = YES_AGGRESSIVE;
				CLANG_WARN_UNREACHABLE_CODE = YES;
				CLANG_WARN__DUPLICATE_METHOD_MATCH = YES;
				COPY_PHASE_STRIP = NO;
				DEBUG_INFORMATION_FORMAT = "dwarf-with-dsym";
				ENABLE_NS_ASSERTIONS = NO;
				ENABLE_STRICT_OBJC_MSGSEND = YES;
				GCC_C_LANGUAGE_STANDARD = gnu11;
				GCC_NO_COMMON_BLOCKS = YES;
				GCC_WARN_64_TO_32_BIT_CONVERSION = YES;
				GCC_WARN_ABOUT_RETURN_TYPE = YES_ERROR;
				GCC_WARN_UNDECLARED_SELECTOR = YES;
				GCC_WARN_UNINITIALIZED_AUTOS = YES_AGGRESSIVE;
				GCC_WARN_UNUSED_FUNCTION = YES;
				GCC_WARN_UNUSED_VARIABLE = YES;
				IPHONEOS_DEPLOYMENT_TARGET = 13.2;
				MTL_ENABLE_DEBUG_INFO = NO;
				MTL_FAST_MATH = YES;
				SDKROOT = iphoneos;
				SWIFT_COMPILATION_MODE = wholemodule;
				SWIFT_OPTIMIZATION_LEVEL = "-O";
				VALIDATE_PRODUCT = YES;
			};
			name = Release;
		};
		CE490BEE2423CEB800EA3F30 /* Debug */ = {
			isa = XCBuildConfiguration;
			buildSettings = {
				ASSETCATALOG_COMPILER_APPICON_NAME = AppIcon;
				CODE_SIGN_STYLE = Automatic;
				INFOPLIST_FILE = mvc/Info.plist;
				LD_RUNPATH_SEARCH_PATHS = (
					"$(inherited)",
					"@executable_path/Frameworks",
				);
				PRODUCT_BUNDLE_IDENTIFIER = melkozavr.mvc;
				PRODUCT_NAME = "$(TARGET_NAME)";
				SWIFT_VERSION = 5.0;
				TARGETED_DEVICE_FAMILY = "1,2";
			};
			name = Debug;
		};
		CE490BEF2423CEB800EA3F30 /* Release */ = {
			isa = XCBuildConfiguration;
			buildSettings = {
				ASSETCATALOG_COMPILER_APPICON_NAME = AppIcon;
				CODE_SIGN_STYLE = Automatic;
				INFOPLIST_FILE = mvc/Info.plist;
				LD_RUNPATH_SEARCH_PATHS = (
					"$(inherited)",
					"@executable_path/Frameworks",
				);
				PRODUCT_BUNDLE_IDENTIFIER = melkozavr.mvc;
				PRODUCT_NAME = "$(TARGET_NAME)";
				SWIFT_VERSION = 5.0;
				TARGETED_DEVICE_FAMILY = "1,2";
			};
			name = Release;
		};
/* End XCBuildConfiguration section */

/* Begin XCConfigurationList section */
		CE490BD12423CEB500EA3F30 /* Build configuration list for PBXProject "mvc" */ = {
			isa = XCConfigurationList;
			buildConfigurations = (
				CE490BEB2423CEB800EA3F30 /* Debug */,
				CE490BEC2423CEB800EA3F30 /* Release */,
			);
			defaultConfigurationIsVisible = 0;
			defaultConfigurationName = Release;
		};
		CE490BED2423CEB800EA3F30 /* Build configuration list for PBXNativeTarget "mvc" */ = {
			isa = XCConfigurationList;
			buildConfigurations = (
				CE490BEE2423CEB800EA3F30 /* Debug */,
				CE490BEF2423CEB800EA3F30 /* Release */,
			);
			defaultConfigurationIsVisible = 0;
			defaultConfigurationName = Release;
		};
/* End XCConfigurationList section */

/* Begin XCVersionGroup section */
		CE490BE22423CEB500EA3F30 /* mvc.xcdatamodeld */ = {
			isa = XCVersionGroup;
			children = (
				CE490BE32423CEB500EA3F30 /* mvc.xcdatamodel */,
			);
			currentVersion = CE490BE32423CEB500EA3F30 /* mvc.xcdatamodel */;
			path = mvc.xcdatamodeld;
			sourceTree = "<group>";
			versionGroupType = wrapper.xcdatamodel;
		};
/* End XCVersionGroup section */
	};
	rootObject = CE490BCE2423CEB500EA3F30 /* Project object */;
}
